// !$*UTF8*$!
{
	archiveVersion = 1;
	classes = {
	};
	objectVersion = 48;
	objects = {

/* Begin PBXBuildFile section */
		2450477A785DE5D74B8F8E55 /* Pods_GitHubRxMoyaExample.framework in Frameworks */ = {isa = PBXBuildFile; fileRef = 86838C9CD19D0E1B562BE100 /* Pods_GitHubRxMoyaExample.framework */; };
		3CCB3DA9208C7EBC000EA37C /* AppDelegate.swift in Sources */ = {isa = PBXBuildFile; fileRef = 3CCB3DA8208C7EBC000EA37C /* AppDelegate.swift */; };
		3CCB3DAE208C7EBC000EA37C /* Main.storyboard in Resources */ = {isa = PBXBuildFile; fileRef = 3CCB3DAC208C7EBC000EA37C /* Main.storyboard */; };
		3CCB3DB0208C7EBC000EA37C /* Assets.xcassets in Resources */ = {isa = PBXBuildFile; fileRef = 3CCB3DAF208C7EBC000EA37C /* Assets.xcassets */; };
		3CCB3DB3208C7EBC000EA37C /* LaunchScreen.storyboard in Resources */ = {isa = PBXBuildFile; fileRef = 3CCB3DB1208C7EBC000EA37C /* LaunchScreen.storyboard */; };
		3CCB3DBB208C8042000EA37C /* IssueListViewController.swift in Sources */ = {isa = PBXBuildFile; fileRef = 3CCB3DBA208C8042000EA37C /* IssueListViewController.swift */; };
		3CCB3DC1208C815A000EA37C /* Repository.swift in Sources */ = {isa = PBXBuildFile; fileRef = 3CCB3DC0208C815A000EA37C /* Repository.swift */; };
		3CCB3DC3208C8169000EA37C /* Issue.swift in Sources */ = {isa = PBXBuildFile; fileRef = 3CCB3DC2208C8168000EA37C /* Issue.swift */; };
		3CCB3DC5208C8442000EA37C /* GitHubEndPoint.swift in Sources */ = {isa = PBXBuildFile; fileRef = 3CCB3DC4208C8442000EA37C /* GitHubEndPoint.swift */; };
		3CCB3DC7208C88AD000EA37C /* IssueTrackerViewModel.swift in Sources */ = {isa = PBXBuildFile; fileRef = 3CCB3DC6208C88AD000EA37C /* IssueTrackerViewModel.swift */; };
/* End PBXBuildFile section */

/* Begin PBXFileReference section */
		3CCB3DA5208C7EBC000EA37C /* GitHubRxMoyaExample.app */ = {isa = PBXFileReference; explicitFileType = wrapper.application; includeInIndex = 0; path = GitHubRxMoyaExample.app; sourceTree = BUILT_PRODUCTS_DIR; };
		3CCB3DA8208C7EBC000EA37C /* AppDelegate.swift */ = {isa = PBXFileReference; lastKnownFileType = sourcecode.swift; path = AppDelegate.swift; sourceTree = "<group>"; };
		3CCB3DAD208C7EBC000EA37C /* Base */ = {isa = PBXFileReference; lastKnownFileType = file.storyboard; name = Base; path = Base.lproj/Main.storyboard; sourceTree = "<group>"; };
		3CCB3DAF208C7EBC000EA37C /* Assets.xcassets */ = {isa = PBXFileReference; lastKnownFileType = folder.assetcatalog; path = Assets.xcassets; sourceTree = "<group>"; };
		3CCB3DB2208C7EBC000EA37C /* Base */ = {isa = PBXFileReference; lastKnownFileType = file.storyboard; name = Base; path = Base.lproj/LaunchScreen.storyboard; sourceTree = "<group>"; };
		3CCB3DB4208C7EBC000EA37C /* Info.plist */ = {isa = PBXFileReference; lastKnownFileType = text.plist.xml; path = Info.plist; sourceTree = "<group>"; };
		3CCB3DBA208C8042000EA37C /* IssueListViewController.swift */ = {isa = PBXFileReference; lastKnownFileType = sourcecode.swift; path = IssueListViewController.swift; sourceTree = "<group>"; };
		3CCB3DC0208C815A000EA37C /* Repository.swift */ = {isa = PBXFileReference; lastKnownFileType = sourcecode.swift; path = Repository.swift; sourceTree = "<group>"; };
		3CCB3DC2208C8168000EA37C /* Issue.swift */ = {isa = PBXFileReference; lastKnownFileType = sourcecode.swift; path = Issue.swift; sourceTree = "<group>"; };
		3CCB3DC4208C8442000EA37C /* GitHubEndPoint.swift */ = {isa = PBXFileReference; lastKnownFileType = sourcecode.swift; path = GitHubEndPoint.swift; sourceTree = "<group>"; };
		3CCB3DC6208C88AD000EA37C /* IssueTrackerViewModel.swift */ = {isa = PBXFileReference; lastKnownFileType = sourcecode.swift; path = IssueTrackerViewModel.swift; sourceTree = "<group>"; };
		5297D699D63D2140352A9195 /* Pods-GitHubRxMoyaExample.release.xcconfig */ = {isa = PBXFileReference; includeInIndex = 1; lastKnownFileType = text.xcconfig; name = "Pods-GitHubRxMoyaExample.release.xcconfig"; path = "Pods/Target Support Files/Pods-GitHubRxMoyaExample/Pods-GitHubRxMoyaExample.release.xcconfig"; sourceTree = "<group>"; };
		67B5C6475E5B80CC1F311CEB /* Pods-GitHubRxMoyaExample.debug.xcconfig */ = {isa = PBXFileReference; includeInIndex = 1; lastKnownFileType = text.xcconfig; name = "Pods-GitHubRxMoyaExample.debug.xcconfig"; path = "Pods/Target Support Files/Pods-GitHubRxMoyaExample/Pods-GitHubRxMoyaExample.debug.xcconfig"; sourceTree = "<group>"; };
		86838C9CD19D0E1B562BE100 /* Pods_GitHubRxMoyaExample.framework */ = {isa = PBXFileReference; explicitFileType = wrapper.framework; includeInIndex = 0; path = Pods_GitHubRxMoyaExample.framework; sourceTree = BUILT_PRODUCTS_DIR; };
/* End PBXFileReference section */

/* Begin PBXFrameworksBuildPhase section */
		3CCB3DA2208C7EBC000EA37C /* Frameworks */ = {
			isa = PBXFrameworksBuildPhase;
			buildActionMask = 2147483647;
			files = (
				2450477A785DE5D74B8F8E55 /* Pods_GitHubRxMoyaExample.framework in Frameworks */,
			);
			runOnlyForDeploymentPostprocessing = 0;
		};
/* End PBXFrameworksBuildPhase section */

/* Begin PBXGroup section */
		3CCB3D9C208C7EBC000EA37C = {
			isa = PBXGroup;
			children = (
				3CCB3DA7208C7EBC000EA37C /* GitHubRxMoyaExample */,
				3CCB3DA6208C7EBC000EA37C /* Products */,
				71509E2902853A284066278E /* Pods */,
				E566183890D6EBBCA74BABDC /* Frameworks */,
			);
			sourceTree = "<group>";
		};
		3CCB3DA6208C7EBC000EA37C /* Products */ = {
			isa = PBXGroup;
			children = (
				3CCB3DA5208C7EBC000EA37C /* GitHubRxMoyaExample.app */,
			);
			name = Products;
			sourceTree = "<group>";
		};
		3CCB3DA7208C7EBC000EA37C /* GitHubRxMoyaExample */ = {
			isa = PBXGroup;
			children = (
				3CCB3DBF208C811C000EA37C /* Service */,
				3CCB3DBE208C8115000EA37C /* Model */,
				3CCB3DBD208C810B000EA37C /* ViewModel */,
				3CCB3DA8208C7EBC000EA37C /* AppDelegate.swift */,
				3CCB3DAC208C7EBC000EA37C /* Main.storyboard */,
				3CCB3DAF208C7EBC000EA37C /* Assets.xcassets */,
				3CCB3DB1208C7EBC000EA37C /* LaunchScreen.storyboard */,
				3CCB3DB4208C7EBC000EA37C /* Info.plist */,
				3CCB3DBC208C8104000EA37C /* View */,
			);
			path = GitHubRxMoyaExample;
			sourceTree = "<group>";
		};
		3CCB3DBC208C8104000EA37C /* View */ = {
			isa = PBXGroup;
			children = (
				3CCB3DBA208C8042000EA37C /* IssueListViewController.swift */,
			);
			path = View;
			sourceTree = "<group>";
		};
		3CCB3DBD208C810B000EA37C /* ViewModel */ = {
			isa = PBXGroup;
			children = (
				3CCB3DC6208C88AD000EA37C /* IssueTrackerViewModel.swift */,
			);
			path = ViewModel;
			sourceTree = "<group>";
		};
		3CCB3DBE208C8115000EA37C /* Model */ = {
			isa = PBXGroup;
			children = (
				3CCB3DC0208C815A000EA37C /* Repository.swift */,
				3CCB3DC2208C8168000EA37C /* Issue.swift */,
			);
			path = Model;
			sourceTree = "<group>";
		};
		3CCB3DBF208C811C000EA37C /* Service */ = {
			isa = PBXGroup;
			children = (
				3CCB3DC4208C8442000EA37C /* GitHubEndPoint.swift */,
			);
			path = Service;
			sourceTree = "<group>";
		};
		71509E2902853A284066278E /* Pods */ = {
			isa = PBXGroup;
			children = (
				67B5C6475E5B80CC1F311CEB /* Pods-GitHubRxMoyaExample.debug.xcconfig */,
				5297D699D63D2140352A9195 /* Pods-GitHubRxMoyaExample.release.xcconfig */,
			);
			name = Pods;
			sourceTree = "<group>";
		};
		E566183890D6EBBCA74BABDC /* Frameworks */ = {
			isa = PBXGroup;
			children = (
				86838C9CD19D0E1B562BE100 /* Pods_GitHubRxMoyaExample.framework */,
			);
			name = Frameworks;
			sourceTree = "<group>";
		};
/* End PBXGroup section */

/* Begin PBXNativeTarget section */
		3CCB3DA4208C7EBC000EA37C /* GitHubRxMoyaExample */ = {
			isa = PBXNativeTarget;
			buildConfigurationList = 3CCB3DB7208C7EBC000EA37C /* Build configuration list for PBXNativeTarget "GitHubRxMoyaExample" */;
			buildPhases = (
				1390DE4148C2752A8045EFB1 /* [CP] Check Pods Manifest.lock */,
				3CCB3DA1208C7EBC000EA37C /* Sources */,
				3CCB3DA2208C7EBC000EA37C /* Frameworks */,
				3CCB3DA3208C7EBC000EA37C /* Resources */,
				198EF2E97C0CD50C9FC1DDDD /* [CP] Embed Pods Frameworks */,
			);
			buildRules = (
			);
			dependencies = (
			);
			name = GitHubRxMoyaExample;
			productName = GitHubRxMoyaExample;
			productReference = 3CCB3DA5208C7EBC000EA37C /* GitHubRxMoyaExample.app */;
			productType = "com.apple.product-type.application";
		};
/* End PBXNativeTarget section */

/* Begin PBXProject section */
		3CCB3D9D208C7EBC000EA37C /* Project object */ = {
			isa = PBXProject;
			attributes = {
				LastSwiftUpdateCheck = 0920;
				LastUpgradeCheck = 0920;
				ORGANIZATIONNAME = danilovdev;
				TargetAttributes = {
					3CCB3DA4208C7EBC000EA37C = {
						CreatedOnToolsVersion = 9.2;
						ProvisioningStyle = Automatic;
					};
				};
			};
			buildConfigurationList = 3CCB3DA0208C7EBC000EA37C /* Build configuration list for PBXProject "GitHubRxMoyaExample" */;
			compatibilityVersion = "Xcode 8.0";
			developmentRegion = en;
			hasScannedForEncodings = 0;
			knownRegions = (
				en,
				Base,
			);
			mainGroup = 3CCB3D9C208C7EBC000EA37C;
			productRefGroup = 3CCB3DA6208C7EBC000EA37C /* Products */;
			projectDirPath = "";
			projectRoot = "";
			targets = (
				3CCB3DA4208C7EBC000EA37C /* GitHubRxMoyaExample */,
			);
		};
/* End PBXProject section */

/* Begin PBXResourcesBuildPhase section */
		3CCB3DA3208C7EBC000EA37C /* Resources */ = {
			isa = PBXResourcesBuildPhase;
			buildActionMask = 2147483647;
			files = (
				3CCB3DB3208C7EBC000EA37C /* LaunchScreen.storyboard in Resources */,
				3CCB3DB0208C7EBC000EA37C /* Assets.xcassets in Resources */,
				3CCB3DAE208C7EBC000EA37C /* Main.storyboard in Resources */,
			);
			runOnlyForDeploymentPostprocessing = 0;
		};
/* End PBXResourcesBuildPhase section */

/* Begin PBXShellScriptBuildPhase section */
		1390DE4148C2752A8045EFB1 /* [CP] Check Pods Manifest.lock */ = {
			isa = PBXShellScriptBuildPhase;
			buildActionMask = 2147483647;
			files = (
			);
			inputPaths = (
				"${PODS_PODFILE_DIR_PATH}/Podfile.lock",
				"${PODS_ROOT}/Manifest.lock",
			);
			name = "[CP] Check Pods Manifest.lock";
			outputPaths = (
				"$(DERIVED_FILE_DIR)/Pods-GitHubRxMoyaExample-checkManifestLockResult.txt",
			);
			runOnlyForDeploymentPostprocessing = 0;
			shellPath = /bin/sh;
			shellScript = "diff \"${PODS_PODFILE_DIR_PATH}/Podfile.lock\" \"${PODS_ROOT}/Manifest.lock\" > /dev/null\nif [ $? != 0 ] ; then\n    # print error to STDERR\n    echo \"error: The sandbox is not in sync with the Podfile.lock. Run 'pod install' or update your CocoaPods installation.\" >&2\n    exit 1\nfi\n# This output is used by Xcode 'outputs' to avoid re-running this script phase.\necho \"SUCCESS\" > \"${SCRIPT_OUTPUT_FILE_0}\"\n";
			showEnvVarsInLog = 0;
		};
		198EF2E97C0CD50C9FC1DDDD /* [CP] Embed Pods Frameworks */ = {
			isa = PBXShellScriptBuildPhase;
			buildActionMask = 2147483647;
			files = (
			);
			inputPaths = (
				"${SRCROOT}/Pods/Target Support Files/Pods-GitHubRxMoyaExample/Pods-GitHubRxMoyaExample-frameworks.sh",
				"${BUILT_PRODUCTS_DIR}/Alamofire/Alamofire.framework",
				"${BUILT_PRODUCTS_DIR}/Moya/Moya.framework",
				"${BUILT_PRODUCTS_DIR}/Result/Result.framework",
				"${BUILT_PRODUCTS_DIR}/RxCocoa/RxCocoa.framework",
				"${BUILT_PRODUCTS_DIR}/RxOptional/RxOptional.framework",
				"${BUILT_PRODUCTS_DIR}/RxSwift/RxSwift.framework",
			);
			name = "[CP] Embed Pods Frameworks";
			outputPaths = (
				"${TARGET_BUILD_DIR}/${FRAMEWORKS_FOLDER_PATH}/Alamofire.framework",
				"${TARGET_BUILD_DIR}/${FRAMEWORKS_FOLDER_PATH}/Moya.framework",
				"${TARGET_BUILD_DIR}/${FRAMEWORKS_FOLDER_PATH}/Result.framework",
				"${TARGET_BUILD_DIR}/${FRAMEWORKS_FOLDER_PATH}/RxCocoa.framework",
				"${TARGET_BUILD_DIR}/${FRAMEWORKS_FOLDER_PATH}/RxOptional.framework",
				"${TARGET_BUILD_DIR}/${FRAMEWORKS_FOLDER_PATH}/RxSwift.framework",
			);
			runOnlyForDeploymentPostprocessing = 0;
			shellPath = /bin/sh;
			shellScript = "\"${SRCROOT}/Pods/Target Support Files/Pods-GitHubRxMoyaExample/Pods-GitHubRxMoyaExample-frameworks.sh\"\n";
			showEnvVarsInLog = 0;
		};
/* End PBXShellScriptBuildPhase section */

/* Begin PBXSourcesBuildPhase section */
		3CCB3DA1208C7EBC000EA37C /* Sources */ = {
			isa = PBXSourcesBuildPhase;
			buildActionMask = 2147483647;
			files = (
				3CCB3DBB208C8042000EA37C /* IssueListViewController.swift in Sources */,
				3CCB3DC5208C8442000EA37C /* GitHubEndPoint.swift in Sources */,
				3CCB3DA9208C7EBC000EA37C /* AppDelegate.swift in Sources */,
				3CCB3DC7208C88AD000EA37C /* IssueTrackerViewModel.swift in Sources */,
				3CCB3DC1208C815A000EA37C /* Repository.swift in Sources */,
				3CCB3DC3208C8169000EA37C /* Issue.swift in Sources */,
			);
			runOnlyForDeploymentPostprocessing = 0;
		};
/* End PBXSourcesBuildPhase section */

/* Begin PBXVariantGroup section */
		3CCB3DAC208C7EBC000EA37C /* Main.storyboard */ = {
			isa = PBXVariantGroup;
			children = (
				3CCB3DAD208C7EBC000EA37C /* Base */,
			);
			name = Main.storyboard;
			sourceTree = "<group>";
		};
		3CCB3DB1208C7EBC000EA37C /* LaunchScreen.storyboard */ = {
			isa = PBXVariantGroup;
			children = (
				3CCB3DB2208C7EBC000EA37C /* Base */,
			);
			name = LaunchScreen.storyboard;
			sourceTree = "<group>";
		};
/* End PBXVariantGroup section */

/* Begin XCBuildConfiguration section */
		3CCB3DB5208C7EBC000EA37C /* Debug */ = {
			isa = XCBuildConfiguration;
			buildSettings = {
				ALWAYS_SEARCH_USER_PATHS = NO;
				CLANG_ANALYZER_NONNULL = YES;
				CLANG_ANALYZER_NUMBER_OBJECT_CONVERSION = YES_AGGRESSIVE;
				CLANG_CXX_LANGUAGE_STANDARD = "gnu++14";
				CLANG_CXX_LIBRARY = "libc++";
				CLANG_ENABLE_MODULES = YES;
				CLANG_ENABLE_OBJC_ARC = YES;
				CLANG_WARN_BLOCK_CAPTURE_AUTORELEASING = YES;
				CLANG_WARN_BOOL_CONVERSION = YES;
				CLANG_WARN_COMMA = YES;
				CLANG_WARN_CONSTANT_CONVERSION = YES;
				CLANG_WARN_DIRECT_OBJC_ISA_USAGE = YES_ERROR;
				CLANG_WARN_DOCUMENTATION_COMMENTS = YES;
				CLANG_WARN_EMPTY_BODY = YES;
				CLANG_WARN_ENUM_CONVERSION = YES;
				CLANG_WARN_INFINITE_RECURSION = YES;
				CLANG_WARN_INT_CONVERSION = YES;
				CLANG_WARN_NON_LITERAL_NULL_CONVERSION = YES;
				CLANG_WARN_OBJC_LITERAL_CONVERSION = YES;
				CLANG_WARN_OBJC_ROOT_CLASS = YES_ERROR;
				CLANG_WARN_RANGE_LOOP_ANALYSIS = YES;
				CLANG_WARN_STRICT_PROTOTYPES = YES;
				CLANG_WARN_SUSPICIOUS_MOVE = YES;
				CLANG_WARN_UNGUARDED_AVAILABILITY = YES_AGGRESSIVE;
				CLANG_WARN_UNREACHABLE_CODE = YES;
				CLANG_WARN__DUPLICATE_METHOD_MATCH = YES;
				CODE_SIGN_IDENTITY = "iPhone Developer";
				COPY_PHASE_STRIP = NO;
				DEBUG_INFORMATION_FORMAT = dwarf;
				ENABLE_STRICT_OBJC_MSGSEND = YES;
				ENABLE_TESTABILITY = YES;
				GCC_C_LANGUAGE_STANDARD = gnu11;
				GCC_DYNAMIC_NO_PIC = NO;
				GCC_NO_COMMON_BLOCKS = YES;
				GCC_OPTIMIZATION_LEVEL = 0;
				GCC_PREPROCESSOR_DEFINITIONS = (
					"DEBUG=1",
					"$(inherited)",
				);
				GCC_WARN_64_TO_32_BIT_CONVERSION = YES;
				GCC_WARN_ABOUT_RETURN_TYPE = YES_ERROR;
				GCC_WARN_UNDECLARED_SELECTOR = YES;
				GCC_WARN_UNINITIALIZED_AUTOS = YES_AGGRESSIVE;
				GCC_WARN_UNUSED_FUNCTION = YES;
				GCC_WARN_UNUSED_VARIABLE = YES;
				IPHONEOS_DEPLOYMENT_TARGET = 11.2;
				MTL_ENABLE_DEBUG_INFO = YES;
				ONLY_ACTIVE_ARCH = YES;
				SDKROOT = iphoneos;
				SWIFT_ACTIVE_COMPILATION_CONDITIONS = DEBUG;
				SWIFT_OPTIMIZATION_LEVEL = "-Onone";
			};
			name = Debug;
		};
		3CCB3DB6208C7EBC000EA37C /* Release */ = {
			isa = XCBuildConfiguration;
			buildSettings = {
				ALWAYS_SEARCH_USER_PATHS = NO;
				CLANG_ANALYZER_NONNULL = YES;
				CLANG_ANALYZER_NUMBER_OBJECT_CONVERSION = YES_AGGRESSIVE;
				CLANG_CXX_LANGUAGE_STANDARD = "gnu++14";
				CLANG_CXX_LIBRARY = "libc++";
				CLANG_ENABLE_MODULES = YES;
				CLANG_ENABLE_OBJC_ARC = YES;
				CLANG_WARN_BLOCK_CAPTURE_AUTORELEASING = YES;
				CLANG_WARN_BOOL_CONVERSION = YES;
				CLANG_WARN_COMMA = YES;
				CLANG_WARN_CONSTANT_CONVERSION = YES;
				CLANG_WARN_DIRECT_OBJC_ISA_USAGE = YES_ERROR;
				CLANG_WARN_DOCUMENTATION_COMMENTS = YES;
				CLANG_WARN_EMPTY_BODY = YES;
				CLANG_WARN_ENUM_CONVERSION = YES;
				CLANG_WARN_INFINITE_RECURSION = YES;
				CLANG_WARN_INT_CONVERSION = YES;
				CLANG_WARN_NON_LITERAL_NULL_CONVERSION = YES;
				CLANG_WARN_OBJC_LITERAL_CONVERSION = YES;
				CLANG_WARN_OBJC_ROOT_CLASS = YES_ERROR;
				CLANG_WARN_RANGE_LOOP_ANALYSIS = YES;
				CLANG_WARN_STRICT_PROTOTYPES = YES;
				CLANG_WARN_SUSPICIOUS_MOVE = YES;
				CLANG_WARN_UNGUARDED_AVAILABILITY = YES_AGGRESSIVE;
				CLANG_WARN_UNREACHABLE_CODE = YES;
				CLANG_WARN__DUPLICATE_METHOD_MATCH = YES;
				CODE_SIGN_IDENTITY = "iPhone Developer";
				COPY_PHASE_STRIP = NO;
				DEBUG_INFORMATION_FORMAT = "dwarf-with-dsym";
				ENABLE_NS_ASSERTIONS = NO;
				ENABLE_STRICT_OBJC_MSGSEND = YES;
				GCC_C_LANGUAGE_STANDARD = gnu11;
				GCC_NO_COMMON_BLOCKS = YES;
				GCC_WARN_64_TO_32_BIT_CONVERSION = YES;
				GCC_WARN_ABOUT_RETURN_TYPE = YES_ERROR;
				GCC_WARN_UNDECLARED_SELECTOR = YES;
				GCC_WARN_UNINITIALIZED_AUTOS = YES_AGGRESSIVE;
				GCC_WARN_UNUSED_FUNCTION = YES;
				GCC_WARN_UNUSED_VARIABLE = YES;
				IPHONEOS_DEPLOYMENT_TARGET = 11.2;
				MTL_ENABLE_DEBUG_INFO = NO;
				SDKROOT = iphoneos;
				SWIFT_OPTIMIZATION_LEVEL = "-Owholemodule";
				VALIDATE_PRODUCT = YES;
			};
			name = Release;
		};
		3CCB3DB8208C7EBC000EA37C /* Debug */ = {
			isa = XCBuildConfiguration;
			baseConfigurationReference = 67B5C6475E5B80CC1F311CEB /* Pods-GitHubRxMoyaExample.debug.xcconfig */;
			buildSettings = {
				ASSETCATALOG_COMPILER_APPICON_NAME = AppIcon;
				CODE_SIGN_STYLE = Automatic;
				DEVELOPMENT_TEAM = G9F5S24X43;
				INFOPLIST_FILE = GitHubRxMoyaExample/Info.plist;
				LD_RUNPATH_SEARCH_PATHS = "$(inherited) @executable_path/Frameworks";
				PRODUCT_BUNDLE_IDENTIFIER = com.danilovdev.GitHubRxMoyaExample;
				PRODUCT_NAME = "$(TARGET_NAME)";
				SWIFT_VERSION = 4.0;
				TARGETED_DEVICE_FAMILY = "1,2";
			};
			name = Debug;
		};
		3CCB3DB9208C7EBC000EA37C /* Release */ = {
			isa = XCBuildConfiguration;
			baseConfigurationReference = 5297D699D63D2140352A9195 /* Pods-GitHubRxMoyaExample.release.xcconfig */;
			buildSettings = {
				ASSETCATALOG_COMPILER_APPICON_NAME = AppIcon;
				CODE_SIGN_STYLE = Automatic;
				DEVELOPMENT_TEAM = G9F5S24X43;
				INFOPLIST_FILE = GitHubRxMoyaExample/Info.plist;
				LD_RUNPATH_SEARCH_PATHS = "$(inherited) @executable_path/Frameworks";
				PRODUCT_BUNDLE_IDENTIFIER = com.danilovdev.GitHubRxMoyaExample;
				PRODUCT_NAME = "$(TARGET_NAME)";
				SWIFT_VERSION = 4.0;
				TARGETED_DEVICE_FAMILY = "1,2";
			};
			name = Release;
		};
/* End XCBuildConfiguration section */

/* Begin XCConfigurationList section */
		3CCB3DA0208C7EBC000EA37C /* Build configuration list for PBXProject "GitHubRxMoyaExample" */ = {
			isa = XCConfigurationList;
			buildConfigurations = (
				3CCB3DB5208C7EBC000EA37C /* Debug */,
				3CCB3DB6208C7EBC000EA37C /* Release */,
			);
			defaultConfigurationIsVisible = 0;
			defaultConfigurationName = Release;
		};
		3CCB3DB7208C7EBC000EA37C /* Build configuration list for PBXNativeTarget "GitHubRxMoyaExample" */ = {
			isa = XCConfigurationList;
			buildConfigurations = (
				3CCB3DB8208C7EBC000EA37C /* Debug */,
				3CCB3DB9208C7EBC000EA37C /* Release */,
			);
			defaultConfigurationIsVisible = 0;
			defaultConfigurationName = Release;
		};
/* End XCConfigurationList section */
	};
	rootObject = 3CCB3D9D208C7EBC000EA37C /* Project object */;
}
